
Microsoft Visual Studio Solution File, Format Version 12.00
# Visual Studio Express 2013 for Web
VisualStudioVersion = 12.0.31101.0
MinimumVisualStudioVersion = 10.0.40219.1
Project("{FAE04EC0-301F-11D3-BF4B-00C04F79EFBC}") = "TablePage", "TablePage\TablePage.csproj", "{91EF4E0F-38C7-4AC8-A66D-CE0720C869B3}"
EndProject
Project("{FAE04EC0-301F-11D3-BF4B-00C04F79EFBC}") = "TablePage.Tests", "TablePage.Tests\TablePage.Tests.csproj", "{0578E201-A51B-47AB-B98E-CB2AC687E59D}"
EndProject
Project("{FAE04EC0-301F-11D3-BF4B-00C04F79EFBC}") = "AjaxService", "WcfService1\AjaxService.csproj", "{C05873C6-C0D4-48DB-90C6-35052A264E6A}"
EndProject
Global
	GlobalSection(SolutionConfigurationPlatforms) = preSolution
		Debug|Any CPU = Debug|Any CPU
		Release|Any CPU = Release|Any CPU
	EndGlobalSection
	GlobalSection(ProjectConfigurationPlatforms) = postSolution
		{91EF4E0F-38C7-4AC8-A66D-CE0720C869B3}.Debug|Any CPU.ActiveCfg = Debug|Any CPU
		{91EF4E0F-38C7-4AC8-A66D-CE0720C869B3}.Debug|Any CPU.Build.0 = Debug|Any CPU
		{91EF4E0F-38C7-4AC8-A66D-CE0720C869B3}.Release|Any CPU.ActiveCfg = Release|Any CPU
		{91EF4E0F-38C7-4AC8-A66D-CE0720C869B3}.Release|Any CPU.Build.0 = Release|Any CPU
		{0578E201-A51B-47AB-B98E-CB2AC687E59D}.Debug|Any CPU.ActiveCfg = Debug|Any CPU
		{0578E201-A51B-47AB-B98E-CB2AC687E59D}.Debug|Any CPU.Build.0 = Debug|Any CPU
		{0578E201-A51B-47AB-B98E-CB2AC687E59D}.Release|Any CPU.ActiveCfg = Release|Any CPU
		{0578E201-A51B-47AB-B98E-CB2AC687E59D}.Release|Any CPU.Build.0 = Release|Any CPU
		{C05873C6-C0D4-48DB-90C6-35052A264E6A}.Debug|Any CPU.ActiveCfg = Debug|Any CPU
		{C05873C6-C0D4-48DB-90C6-35052A264E6A}.Debug|Any CPU.Build.0 = Debug|Any CPU
		{C05873C6-C0D4-48DB-90C6-35052A264E6A}.Release|Any CPU.ActiveCfg = Release|Any CPU
		{C05873C6-C0D4-48DB-90C6-35052A264E6A}.Release|Any CPU.Build.0 = Release|Any CPU
	EndGlobalSection
	GlobalSection(SolutionProperties) = preSolution
		HideSolutionNode = FALSE
	EndGlobalSection
EndGlobal
